
Microsoft Visual Studio Solution File, Format Version 12.00
# Visual Studio Version 17
VisualStudioVersion = 17.14.36414.22 d17.14
MinimumVisualStudioVersion = 10.0.40219.1
Project("{FAE04EC0-301F-11D3-BF4B-00C04F79EFBC}") = "SRP_Single_Responsability_Principle", "SRP_Single_Responsability_Principle\SRP_Single_Responsability_Principle.csproj", "{931EEEFA-D36B-4355-AEFE-10DD3ABE6C7B}"
EndProject
Global
	GlobalSection(SolutionConfigurationPlatforms) = preSolution
		Debug|Any CPU = Debug|Any CPU
		Release|Any CPU = Release|Any CPU
	EndGlobalSection
	GlobalSection(ProjectConfigurationPlatforms) = postSolution
		{931EEEFA-D36B-4355-AEFE-10DD3ABE6C7B}.Debug|Any CPU.ActiveCfg = Debug|Any CPU
		{931EEEFA-D36B-4355-AEFE-10DD3ABE6C7B}.Debug|Any CPU.Build.0 = Debug|Any CPU
		{931EEEFA-D36B-4355-AEFE-10DD3ABE6C7B}.Release|Any CPU.ActiveCfg = Release|Any CPU
		{931EEEFA-D36B-4355-AEFE-10DD3ABE6C7B}.Release|Any CPU.Build.0 = Release|Any CPU
	EndGlobalSection
	GlobalSection(SolutionProperties) = preSolution
		HideSolutionNode = FALSE
	EndGlobalSection
	GlobalSection(ExtensibilityGlobals) = postSolution
		SolutionGuid = {119D3C37-B691-4635-8C40-28543AA39712}
	EndGlobalSection
EndGlobal
