
Microsoft Visual Studio Solution File, Format Version 12.00
# Visual Studio Version 17
VisualStudioVersion = 17.14.36414.22
MinimumVisualStudioVersion = 10.0.40219.1
Project("{FAE04EC0-301F-11D3-BF4B-00C04F79EFBC}") = "SRP_Single_Responsability_Principle", "SRP_Single_Responsability_Principle\SRP_Single_Responsability_Principle.csproj", "{931EEEFA-D36B-4355-AEFE-10DD3ABE6C7B}"
EndProject
Project("{FAE04EC0-301F-11D3-BF4B-00C04F79EFBC}") = "SRP_Single_Responsability_Principle_Correct", "SRP_Single_Responsability_Principle_Correct\SRP_Single_Responsability_Principle_Correct.csproj", "{A856A526-0505-4443-AA62-5A20FA0B7F73}"
EndProject
Project("{2150E333-8FDC-42A3-9474-1A3956D46DE8}") = "1.SRP Single Responsability Principle", "1.SRP Single Responsability Principle", "{02EA681E-C7D8-13C7-8484-4AC65E1B71E8}"
EndProject
Project("{2150E333-8FDC-42A3-9474-1A3956D46DE8}") = "2.OCP Open Closed Principle", "2.OCP Open Closed Principle", "{AA35757D-02B3-49BD-A48E-B744554B1F3E}"
EndProject
Project("{FAE04EC0-301F-11D3-BF4B-00C04F79EFBC}") = "OCP_Open_Closed_Principle_Incorrect", "OCP_Open_Closed_Principle_Incorrect\OCP_Open_Closed_Principle_Incorrect.csproj", "{E610BB1E-15A2-43A4-A194-65A38FF831C0}"
EndProject
Project("{FAE04EC0-301F-11D3-BF4B-00C04F79EFBC}") = "OCP_Open_Closed_Principle_Correct", "OCP_Open_Closed_Principle_Correct\OCP_Open_Closed_Principle_Correct.csproj", "{F8DB29EE-45C9-4A5B-AC37-229AF5C0CFBE}"
EndProject
Project("{2150E333-8FDC-42A3-9474-1A3956D46DE8}") = "3.LSP Liskov Substitution Principle", "3.LSP Liskov Substitution Principle", "{369CB01D-A1A7-72D2-AABC-3F0945D148A2}"
EndProject
Project("{FAE04EC0-301F-11D3-BF4B-00C04F79EFBC}") = "LSP_Liskov_Substitution_Principle_Incorrect", "LSP_Liskov_Substitution_Principle_Incorrect\LSP_Liskov_Substitution_Principle_Incorrect.csproj", "{944E4293-7418-4AEC-A3AC-E485FE02CB0C}"
EndProject
Project("{2150E333-8FDC-42A3-9474-1A3956D46DE8}") = "4.ISP Interface Segregation Principle", "4.ISP Interface Segregation Principle", "{00F113BC-17C9-4D4C-A0E6-CA66DC260853}"
EndProject
Project("{FAE04EC0-301F-11D3-BF4B-00C04F79EFBC}") = "ISP_Interface_Segregation_Principle", "ISP_Interface_Segregation_Principle\ISP_Interface_Segregation_Principle.csproj", "{9597C776-07EB-41A3-9BB0-4923F7849BB4}"
EndProject
Project("{FAE04EC0-301F-11D3-BF4B-00C04F79EFBC}") = "LSP_Liskov_Substitution_Principle_Correct", "LSP_Liskov_Substitution_Principle_Correct\LSP_Liskov_Substitution_Principle_Correct.csproj", "{BD0B42FF-45FF-4BBC-AD03-8F91D28577C4}"
EndProject
Project("{FAE04EC0-301F-11D3-BF4B-00C04F79EFBC}") = "ISP_Interface_Segregation_Principle_Correct", "ISP_Interface_Segregation_Principle_Correct\ISP_Interface_Segregation_Principle_Correct.csproj", "{03C05F96-86F4-402F-95C1-0E83386FCC0E}"
EndProject
Project("{FAE04EC0-301F-11D3-BF4B-00C04F79EFBC}") = "DIP_Dependency_Inversion_Principle_Incorrect", "DIP_Dependency_Inversion_Principle_Incorrect\DIP_Dependency_Inversion_Principle_Incorrect.csproj", "{A520A107-6DD8-EE8C-4727-226D628DE6BB}"
EndProject
Project("{2150E333-8FDC-42A3-9474-1A3956D46DE8}") = "5.DIP Dependency Inversion Principle", "5.DIP Dependency Inversion Principle", "{AE39407D-0821-4FD5-A604-2C2F75BF22C0}"
EndProject
Global
	GlobalSection(SolutionConfigurationPlatforms) = preSolution
		Debug|Any CPU = Debug|Any CPU
		Release|Any CPU = Release|Any CPU
	EndGlobalSection
	GlobalSection(ProjectConfigurationPlatforms) = postSolution
		{931EEEFA-D36B-4355-AEFE-10DD3ABE6C7B}.Debug|Any CPU.ActiveCfg = Debug|Any CPU
		{931EEEFA-D36B-4355-AEFE-10DD3ABE6C7B}.Debug|Any CPU.Build.0 = Debug|Any CPU
		{931EEEFA-D36B-4355-AEFE-10DD3ABE6C7B}.Release|Any CPU.ActiveCfg = Release|Any CPU
		{931EEEFA-D36B-4355-AEFE-10DD3ABE6C7B}.Release|Any CPU.Build.0 = Release|Any CPU
		{A856A526-0505-4443-AA62-5A20FA0B7F73}.Debug|Any CPU.ActiveCfg = Debug|Any CPU
		{A856A526-0505-4443-AA62-5A20FA0B7F73}.Debug|Any CPU.Build.0 = Debug|Any CPU
		{A856A526-0505-4443-AA62-5A20FA0B7F73}.Release|Any CPU.ActiveCfg = Release|Any CPU
		{A856A526-0505-4443-AA62-5A20FA0B7F73}.Release|Any CPU.Build.0 = Release|Any CPU
		{E610BB1E-15A2-43A4-A194-65A38FF831C0}.Debug|Any CPU.ActiveCfg = Debug|Any CPU
		{E610BB1E-15A2-43A4-A194-65A38FF831C0}.Debug|Any CPU.Build.0 = Debug|Any CPU
		{E610BB1E-15A2-43A4-A194-65A38FF831C0}.Release|Any CPU.ActiveCfg = Release|Any CPU
		{E610BB1E-15A2-43A4-A194-65A38FF831C0}.Release|Any CPU.Build.0 = Release|Any CPU
		{F8DB29EE-45C9-4A5B-AC37-229AF5C0CFBE}.Debug|Any CPU.ActiveCfg = Debug|Any CPU
		{F8DB29EE-45C9-4A5B-AC37-229AF5C0CFBE}.Debug|Any CPU.Build.0 = Debug|Any CPU
		{F8DB29EE-45C9-4A5B-AC37-229AF5C0CFBE}.Release|Any CPU.ActiveCfg = Release|Any CPU
		{F8DB29EE-45C9-4A5B-AC37-229AF5C0CFBE}.Release|Any CPU.Build.0 = Release|Any CPU
		{944E4293-7418-4AEC-A3AC-E485FE02CB0C}.Debug|Any CPU.ActiveCfg = Debug|Any CPU
		{944E4293-7418-4AEC-A3AC-E485FE02CB0C}.Debug|Any CPU.Build.0 = Debug|Any CPU
		{944E4293-7418-4AEC-A3AC-E485FE02CB0C}.Release|Any CPU.ActiveCfg = Release|Any CPU
		{944E4293-7418-4AEC-A3AC-E485FE02CB0C}.Release|Any CPU.Build.0 = Release|Any CPU
		{9597C776-07EB-41A3-9BB0-4923F7849BB4}.Debug|Any CPU.ActiveCfg = Debug|Any CPU
		{9597C776-07EB-41A3-9BB0-4923F7849BB4}.Debug|Any CPU.Build.0 = Debug|Any CPU
		{9597C776-07EB-41A3-9BB0-4923F7849BB4}.Release|Any CPU.ActiveCfg = Release|Any CPU
		{9597C776-07EB-41A3-9BB0-4923F7849BB4}.Release|Any CPU.Build.0 = Release|Any CPU
		{BD0B42FF-45FF-4BBC-AD03-8F91D28577C4}.Debug|Any CPU.ActiveCfg = Debug|Any CPU
		{BD0B42FF-45FF-4BBC-AD03-8F91D28577C4}.Debug|Any CPU.Build.0 = Debug|Any CPU
		{BD0B42FF-45FF-4BBC-AD03-8F91D28577C4}.Release|Any CPU.ActiveCfg = Release|Any CPU
		{BD0B42FF-45FF-4BBC-AD03-8F91D28577C4}.Release|Any CPU.Build.0 = Release|Any CPU
		{03C05F96-86F4-402F-95C1-0E83386FCC0E}.Debug|Any CPU.ActiveCfg = Debug|Any CPU
		{03C05F96-86F4-402F-95C1-0E83386FCC0E}.Debug|Any CPU.Build.0 = Debug|Any CPU
		{03C05F96-86F4-402F-95C1-0E83386FCC0E}.Release|Any CPU.ActiveCfg = Release|Any CPU
		{03C05F96-86F4-402F-95C1-0E83386FCC0E}.Release|Any CPU.Build.0 = Release|Any CPU
		{A520A107-6DD8-EE8C-4727-226D628DE6BB}.Debug|Any CPU.ActiveCfg = Debug|Any CPU
		{A520A107-6DD8-EE8C-4727-226D628DE6BB}.Debug|Any CPU.Build.0 = Debug|Any CPU
		{A520A107-6DD8-EE8C-4727-226D628DE6BB}.Release|Any CPU.ActiveCfg = Release|Any CPU
		{A520A107-6DD8-EE8C-4727-226D628DE6BB}.Release|Any CPU.Build.0 = Release|Any CPU
	EndGlobalSection
	GlobalSection(SolutionProperties) = preSolution
		HideSolutionNode = FALSE
	EndGlobalSection
	GlobalSection(NestedProjects) = preSolution
		{931EEEFA-D36B-4355-AEFE-10DD3ABE6C7B} = {02EA681E-C7D8-13C7-8484-4AC65E1B71E8}
		{A856A526-0505-4443-AA62-5A20FA0B7F73} = {02EA681E-C7D8-13C7-8484-4AC65E1B71E8}
		{E610BB1E-15A2-43A4-A194-65A38FF831C0} = {AA35757D-02B3-49BD-A48E-B744554B1F3E}
		{F8DB29EE-45C9-4A5B-AC37-229AF5C0CFBE} = {AA35757D-02B3-49BD-A48E-B744554B1F3E}
		{944E4293-7418-4AEC-A3AC-E485FE02CB0C} = {369CB01D-A1A7-72D2-AABC-3F0945D148A2}
		{9597C776-07EB-41A3-9BB0-4923F7849BB4} = {00F113BC-17C9-4D4C-A0E6-CA66DC260853}
		{BD0B42FF-45FF-4BBC-AD03-8F91D28577C4} = {369CB01D-A1A7-72D2-AABC-3F0945D148A2}
		{03C05F96-86F4-402F-95C1-0E83386FCC0E} = {00F113BC-17C9-4D4C-A0E6-CA66DC260853}
		{A520A107-6DD8-EE8C-4727-226D628DE6BB} = {AE39407D-0821-4FD5-A604-2C2F75BF22C0}
	EndGlobalSection
	GlobalSection(ExtensibilityGlobals) = postSolution
		SolutionGuid = {119D3C37-B691-4635-8C40-28543AA39712}
	EndGlobalSection
EndGlobal
